
Microsoft Visual Studio Solution File, Format Version 12.00
# Visual Studio Version 16
VisualStudioVersion = 16.0.33130.400
MinimumVisualStudioVersion = 10.0.40219.1
Project("{FAE04EC0-301F-11D3-BF4B-00C04F79EFBC}") = "CSharp-Assignment_1", "CSharp-Assignment_1\CSharp-Assignment_1.csproj", "{2F696678-9949-4156-9429-DA927D475BBB}"
EndProject
Global
	GlobalSection(SolutionConfigurationPlatforms) = preSolution
		Debug|Any CPU = Debug|Any CPU
		Release|Any CPU = Release|Any CPU
	EndGlobalSection
	GlobalSection(ProjectConfigurationPlatforms) = postSolution
		{2F696678-9949-4156-9429-DA927D475BBB}.Debug|Any CPU.ActiveCfg = Debug|Any CPU
		{2F696678-9949-4156-9429-DA927D475BBB}.Debug|Any CPU.Build.0 = Debug|Any CPU
		{2F696678-9949-4156-9429-DA927D475BBB}.Release|Any CPU.ActiveCfg = Release|Any CPU
		{2F696678-9949-4156-9429-DA927D475BBB}.Release|Any CPU.Build.0 = Release|Any CPU
	EndGlobalSection
	GlobalSection(SolutionProperties) = preSolution
		HideSolutionNode = FALSE
	EndGlobalSection
	GlobalSection(ExtensibilityGlobals) = postSolution
		SolutionGuid = {DB8A6D67-DFAE-4C35-896D-D6C5B1BBD7DB}
	EndGlobalSection
EndGlobal
