
Microsoft Visual Studio Solution File, Format Version 12.00
# Visual Studio Version 16
VisualStudioVersion = 16.0.33130.400
MinimumVisualStudioVersion = 10.0.40219.1
Project("{FAE04EC0-301F-11D3-BF4B-00C04F79EFBC}") = "CSharp-Assignment7_3", "CSharp-Assignment7_3\CSharp-Assignment7_3.csproj", "{75B0DFC6-9DD8-43CA-8DEA-5809A81D5B90}"
EndProject
Global
	GlobalSection(SolutionConfigurationPlatforms) = preSolution
		Debug|Any CPU = Debug|Any CPU
		Release|Any CPU = Release|Any CPU
	EndGlobalSection
	GlobalSection(ProjectConfigurationPlatforms) = postSolution
		{75B0DFC6-9DD8-43CA-8DEA-5809A81D5B90}.Debug|Any CPU.ActiveCfg = Debug|Any CPU
		{75B0DFC6-9DD8-43CA-8DEA-5809A81D5B90}.Debug|Any CPU.Build.0 = Debug|Any CPU
		{75B0DFC6-9DD8-43CA-8DEA-5809A81D5B90}.Release|Any CPU.ActiveCfg = Release|Any CPU
		{75B0DFC6-9DD8-43CA-8DEA-5809A81D5B90}.Release|Any CPU.Build.0 = Release|Any CPU
	EndGlobalSection
	GlobalSection(SolutionProperties) = preSolution
		HideSolutionNode = FALSE
	EndGlobalSection
	GlobalSection(ExtensibilityGlobals) = postSolution
		SolutionGuid = {1F9FFC59-288C-41D9-A173-9D527C0B4BDE}
	EndGlobalSection
EndGlobal
