
Microsoft Visual Studio Solution File, Format Version 12.00
# Visual Studio Version 16
VisualStudioVersion = 16.0.33130.400
MinimumVisualStudioVersion = 10.0.40219.1
Project("{FAE04EC0-301F-11D3-BF4B-00C04F79EFBC}") = "OOPassignment2", "OOPassignment2\OOPassignment2.csproj", "{B608D93B-EE2C-4072-9086-7C14D552C248}"
EndProject
Global
	GlobalSection(SolutionConfigurationPlatforms) = preSolution
		Debug|Any CPU = Debug|Any CPU
		Release|Any CPU = Release|Any CPU
	EndGlobalSection
	GlobalSection(ProjectConfigurationPlatforms) = postSolution
		{B608D93B-EE2C-4072-9086-7C14D552C248}.Debug|Any CPU.ActiveCfg = Debug|Any CPU
		{B608D93B-EE2C-4072-9086-7C14D552C248}.Debug|Any CPU.Build.0 = Debug|Any CPU
		{B608D93B-EE2C-4072-9086-7C14D552C248}.Release|Any CPU.ActiveCfg = Release|Any CPU
		{B608D93B-EE2C-4072-9086-7C14D552C248}.Release|Any CPU.Build.0 = Release|Any CPU
	EndGlobalSection
	GlobalSection(SolutionProperties) = preSolution
		HideSolutionNode = FALSE
	EndGlobalSection
	GlobalSection(ExtensibilityGlobals) = postSolution
		SolutionGuid = {0FEE3EAA-779A-41C4-AB48-F00D1C619A37}
	EndGlobalSection
EndGlobal
