
Microsoft Visual Studio Solution File, Format Version 12.00
# Visual Studio Version 16
VisualStudioVersion = 16.0.33130.400
MinimumVisualStudioVersion = 10.0.40219.1
Project("{FAE04EC0-301F-11D3-BF4B-00C04F79EFBC}") = "CSharp-Assignment7_4", "CSharp-Assignment7_4\CSharp-Assignment7_4.csproj", "{9776F846-99AE-44E0-8216-D4C8F32EBCDD}"
EndProject
Global
	GlobalSection(SolutionConfigurationPlatforms) = preSolution
		Debug|Any CPU = Debug|Any CPU
		Release|Any CPU = Release|Any CPU
	EndGlobalSection
	GlobalSection(ProjectConfigurationPlatforms) = postSolution
		{9776F846-99AE-44E0-8216-D4C8F32EBCDD}.Debug|Any CPU.ActiveCfg = Debug|Any CPU
		{9776F846-99AE-44E0-8216-D4C8F32EBCDD}.Debug|Any CPU.Build.0 = Debug|Any CPU
		{9776F846-99AE-44E0-8216-D4C8F32EBCDD}.Release|Any CPU.ActiveCfg = Release|Any CPU
		{9776F846-99AE-44E0-8216-D4C8F32EBCDD}.Release|Any CPU.Build.0 = Release|Any CPU
	EndGlobalSection
	GlobalSection(SolutionProperties) = preSolution
		HideSolutionNode = FALSE
	EndGlobalSection
	GlobalSection(ExtensibilityGlobals) = postSolution
		SolutionGuid = {8EB08B4A-71C2-4B7B-BB9F-9D1E4F5FB526}
	EndGlobalSection
EndGlobal
