
Microsoft Visual Studio Solution File, Format Version 12.00
# Visual Studio Version 16
VisualStudioVersion = 16.0.33130.400
MinimumVisualStudioVersion = 10.0.40219.1
Project("{FAE04EC0-301F-11D3-BF4B-00C04F79EFBC}") = "Assignment5-2nd", "Assignment5-2nd\Assignment5-2nd.csproj", "{BBB3CD4A-F05B-4061-B198-D74338D0A937}"
EndProject
Global
	GlobalSection(SolutionConfigurationPlatforms) = preSolution
		Debug|Any CPU = Debug|Any CPU
		Release|Any CPU = Release|Any CPU
	EndGlobalSection
	GlobalSection(ProjectConfigurationPlatforms) = postSolution
		{BBB3CD4A-F05B-4061-B198-D74338D0A937}.Debug|Any CPU.ActiveCfg = Debug|Any CPU
		{BBB3CD4A-F05B-4061-B198-D74338D0A937}.Debug|Any CPU.Build.0 = Debug|Any CPU
		{BBB3CD4A-F05B-4061-B198-D74338D0A937}.Release|Any CPU.ActiveCfg = Release|Any CPU
		{BBB3CD4A-F05B-4061-B198-D74338D0A937}.Release|Any CPU.Build.0 = Release|Any CPU
	EndGlobalSection
	GlobalSection(SolutionProperties) = preSolution
		HideSolutionNode = FALSE
	EndGlobalSection
	GlobalSection(ExtensibilityGlobals) = postSolution
		SolutionGuid = {02E9696E-5E21-4F97-A4C8-FC11B3839519}
	EndGlobalSection
EndGlobal
